
Microsoft Visual Studio Solution File, Format Version 12.00
# Visual Studio Version 16
VisualStudioVersion = 16.0.31205.134
MinimumVisualStudioVersion = 10.0.40219.1
Project("{FAE04EC0-301F-11D3-BF4B-00C04F79EFBC}") = "Örnek_Proje_Login_Paneli_Oluşturma", "Örnek_Proje_Login_Paneli_Oluşturma\Örnek_Proje_Login_Paneli_Oluşturma.csproj", "{C94810A5-37DC-4AAC-9FF0-1CC249F77899}"
EndProject
Global
	GlobalSection(SolutionConfigurationPlatforms) = preSolution
		Debug|Any CPU = Debug|Any CPU
		Release|Any CPU = Release|Any CPU
	EndGlobalSection
	GlobalSection(ProjectConfigurationPlatforms) = postSolution
		{C94810A5-37DC-4AAC-9FF0-1CC249F77899}.Debug|Any CPU.ActiveCfg = Debug|Any CPU
		{C94810A5-37DC-4AAC-9FF0-1CC249F77899}.Debug|Any CPU.Build.0 = Debug|Any CPU
		{C94810A5-37DC-4AAC-9FF0-1CC249F77899}.Release|Any CPU.ActiveCfg = Release|Any CPU
		{C94810A5-37DC-4AAC-9FF0-1CC249F77899}.Release|Any CPU.Build.0 = Release|Any CPU
	EndGlobalSection
	GlobalSection(SolutionProperties) = preSolution
		HideSolutionNode = FALSE
	EndGlobalSection
	GlobalSection(ExtensibilityGlobals) = postSolution
		SolutionGuid = {60845DB2-C77C-4FB5-A5E9-533B7369C277}
	EndGlobalSection
EndGlobal
